
Microsoft Visual Studio Solution File, Format Version 12.00
# Visual Studio 15
VisualStudioVersion = 15.0.27703.2035
MinimumVisualStudioVersion = 10.0.40219.1
Project("{FAE04EC0-301F-11D3-BF4B-00C04F79EFBC}") = "VidBox", "VidBox\VidBox.csproj", "{DA25FADC-7588-40A2-ACE8-692103C77694}"
EndProject
Global
	GlobalSection(SolutionConfigurationPlatforms) = preSolution
		Debug|Any CPU = Debug|Any CPU
		Release|Any CPU = Release|Any CPU
	EndGlobalSection
	GlobalSection(ProjectConfigurationPlatforms) = postSolution
		{DA25FADC-7588-40A2-ACE8-692103C77694}.Debug|Any CPU.ActiveCfg = Debug|Any CPU
		{DA25FADC-7588-40A2-ACE8-692103C77694}.Debug|Any CPU.Build.0 = Debug|Any CPU
		{DA25FADC-7588-40A2-ACE8-692103C77694}.Release|Any CPU.ActiveCfg = Release|Any CPU
		{DA25FADC-7588-40A2-ACE8-692103C77694}.Release|Any CPU.Build.0 = Release|Any CPU
	EndGlobalSection
	GlobalSection(SolutionProperties) = preSolution
		HideSolutionNode = FALSE
	EndGlobalSection
	GlobalSection(ExtensibilityGlobals) = postSolution
		SolutionGuid = {F43C8691-AB92-4518-B417-581C89404D48}
	EndGlobalSection
EndGlobal
